
Microsoft Visual Studio Solution File, Format Version 12.00
# Visual Studio Version 17
VisualStudioVersion = 17.7.34024.191
MinimumVisualStudioVersion = 10.0.40219.1
Project("{2150E333-8FDC-42A3-9474-1A3956D46DE8}") = "Services", "Services", "{0DC99133-C2D1-4E68-BA5D-43049DCAF246}"
EndProject
Project("{2150E333-8FDC-42A3-9474-1A3956D46DE8}") = "Users", "Users", "{102E007F-5964-433E-90F8-D6FA34E8DB61}"
EndProject
Project("{2150E333-8FDC-42A3-9474-1A3956D46DE8}") = "Conpoment", "Conpoment", "{3E23178E-E2E7-4D34-94B6-C331CE9B77B6}"
EndProject
Project("{9A19103F-16F7-4668-BE54-9A1E7A4F7556}") = "App.Compoment.Host", "src\Conpoment\App.Compoment.Host\App.Compoment.Host.csproj", "{8469B8F5-3DBB-420E-8D5D-77B09A765F9A}"
EndProject
Project("{9A19103F-16F7-4668-BE54-9A1E7A4F7556}") = "App.Compoment.Auth", "src\Conpoment\App.Compoment.Auth\App.Compoment.Auth.csproj", "{69BFCEE4-C70C-48B4-B3AF-AEDBB6B4794D}"
EndProject
Project("{9A19103F-16F7-4668-BE54-9A1E7A4F7556}") = "App.Compoment.Swagger", "src\Conpoment\App.Compoment.Swagger\App.Compoment.Swagger.csproj", "{23227C4D-97B0-4B9A-B95D-90BDB20B6020}"
EndProject
Project("{9A19103F-16F7-4668-BE54-9A1E7A4F7556}") = "App.Compoment.Extension", "src\Conpoment\App.Compoment.Extension\App.Compoment.Extension.csproj", "{75AEB701-4ACD-4338-9A19-E1C40F146A5F}"
EndProject
Project("{9A19103F-16F7-4668-BE54-9A1E7A4F7556}") = "App.compoment.Cache", "src\Conpoment\App.compoment.Cache\App.compoment.Cache.csproj", "{6646046F-3D71-4107-B7F3-5B6056BA307F}"
EndProject
Project("{9A19103F-16F7-4668-BE54-9A1E7A4F7556}") = "App.Compoment.Library", "src\Conpoment\App.Compoment.Library\App.Compoment.Library.csproj", "{3E124CAA-ACDA-406F-9F68-135CFC38932B}"
EndProject
Project("{9A19103F-16F7-4668-BE54-9A1E7A4F7556}") = "App.Users.Api", "src\Services\Users\src\App.Users.Api\App.Users.Api.csproj", "{D8060C38-0563-4134-BCAD-27BF315A2F05}"
EndProject
Project("{9A19103F-16F7-4668-BE54-9A1E7A4F7556}") = "App.Users.Cache", "src\Services\Users\src\App.Users.Cache\App.Users.Cache.csproj", "{9BD3C4CE-EB3A-437C-B441-1ECDDC5118C9}"
EndProject
Project("{9A19103F-16F7-4668-BE54-9A1E7A4F7556}") = "App.Users.Constract", "src\Services\Users\src\App.Users.Constract\App.Users.Constract.csproj", "{08082114-E07E-4A67-BAF8-F6F48CA24497}"
EndProject
Project("{9A19103F-16F7-4668-BE54-9A1E7A4F7556}") = "App.Users.Core", "src\Services\Users\src\App.Users.Core\App.Users.Core.csproj", "{2B43C1CE-AAFE-4A54-B2F8-DD7B9B81FA5F}"
EndProject
Project("{9A19103F-16F7-4668-BE54-9A1E7A4F7556}") = "App.Users.Data", "src\Services\Users\src\App.Users.Data\App.Users.Data.csproj", "{D7E9A000-552E-49D5-BBCF-6576F8BBD0D7}"
EndProject
Project("{2150E333-8FDC-42A3-9474-1A3956D46DE8}") = "Site", "Site", "{82C6DFC6-DD3E-4161-9F6E-DFD56D430F26}"
EndProject
Project("{9A19103F-16F7-4668-BE54-9A1E7A4F7556}") = "App.Site.Contract", "src\Services\Site\src\App.Site.Contract\App.Site.Contract.csproj", "{70CB55CC-826D-4EC4-B449-303BE5D82CE4}"
EndProject
Project("{9A19103F-16F7-4668-BE54-9A1E7A4F7556}") = "App.Site", "src\Services\Site\src\App.Site\App.Site.csproj", "{685FD74C-DE2B-412D-95B2-04DF4CFA59AE}"
EndProject
Project("{9A19103F-16F7-4668-BE54-9A1E7A4F7556}") = "App.Site.Data", "src\Services\Site\src\App.Site.Data\App.Site.Data.csproj", "{8C29791D-532A-4878-929E-16204AA4A62C}"
EndProject
Project("{9A19103F-16F7-4668-BE54-9A1E7A4F7556}") = "App.Site.Core", "src\Services\Site\src\App.Site.Core\App.Site.Core.csproj", "{37A7B615-1833-4F29-9BC8-A708CFA30118}"
EndProject
Project("{9A19103F-16F7-4668-BE54-9A1E7A4F7556}") = "App.Compoment.Enterprise", "src\Conpoment\App.Compoment.Enterprise\App.Compoment.Enterprise.csproj", "{043881AE-3F6E-4B05-ADF9-548E6B37CB6C}"
EndProject
Project("{2150E333-8FDC-42A3-9474-1A3956D46DE8}") = "Solution Items", "Solution Items", "{E81A5072-9DD9-4844-A780-62772D106392}"
	ProjectSection(SolutionItems) = preProject
		.editorconfig = .editorconfig
	EndProjectSection
EndProject
Project("{9A19103F-16F7-4668-BE54-9A1E7A4F7556}") = "App.Compoment.Framework", "src\Conpoment\App.Compoment.Framework\App.Compoment.Framework.csproj", "{71EE30A4-722A-46D3-88C3-2ED84D38FA2C}"
EndProject
Project("{9A19103F-16F7-4668-BE54-9A1E7A4F7556}") = "App.Compoment.DynamoDB", "src\Conpoment\App.Compoment.DynamoDB\App.Compoment.DynamoDB.csproj", "{1D8175F1-D574-40BF-8470-50642BF4D1BB}"
EndProject
Project("{9A19103F-16F7-4668-BE54-9A1E7A4F7556}") = "App.Site.Cache", "src\Services\Site\src\App.Site.Cache\App.Site.Cache.csproj", "{8A151CE7-7BFA-4480-9B56-44FA160EA759}"
EndProject
Project("{9A19103F-16F7-4668-BE54-9A1E7A4F7556}") = "App.Compoment.Middleware", "src\Conpoment\App.Compoment.Middleware\App.Compoment.Middleware.csproj", "{51F0FCA7-BACF-47CB-BB50-77E7D05F423B}"
EndProject
Project("{9A19103F-16F7-4668-BE54-9A1E7A4F7556}") = "App.Compoment.Zookeeper", "src\Conpoment\App.Compoment.Zookeeper\App.Compoment.Zookeeper.csproj", "{974A9345-4F7F-40E8-ACA5-B40A4A69C462}"
EndProject
Project("{2150E333-8FDC-42A3-9474-1A3956D46DE8}") = "GatewayCenter", "GatewayCenter", "{919284DC-FC78-4104-84F2-E3DF2EC11212}"
EndProject
Project("{2150E333-8FDC-42A3-9474-1A3956D46DE8}") = "IdentityServer", "IdentityServer", "{F651CF4B-E45E-4502-BDE2-415416782493}"
EndProject
Project("{9A19103F-16F7-4668-BE54-9A1E7A4F7556}") = "App.IdentityServer", "src\Services\IdentityService\src\App.IdentityServer\App.IdentityServer.csproj", "{35408FD6-D82D-49FF-9A4E-FDC6260F7410}"
EndProject
Project("{9A19103F-16F7-4668-BE54-9A1E7A4F7556}") = "App.User.Test", "src\Services\Users\src\App.User.Test\App.User.Test.csproj", "{A50FE12B-7BDF-4EAF-8A2F-789917642D4F}"
EndProject
Global
	GlobalSection(SolutionConfigurationPlatforms) = preSolution
		Debug|Any CPU = Debug|Any CPU
		Release|Any CPU = Release|Any CPU
	EndGlobalSection
	GlobalSection(ProjectConfigurationPlatforms) = postSolution
		{8469B8F5-3DBB-420E-8D5D-77B09A765F9A}.Debug|Any CPU.ActiveCfg = Debug|Any CPU
		{8469B8F5-3DBB-420E-8D5D-77B09A765F9A}.Debug|Any CPU.Build.0 = Debug|Any CPU
		{8469B8F5-3DBB-420E-8D5D-77B09A765F9A}.Release|Any CPU.ActiveCfg = Release|Any CPU
		{8469B8F5-3DBB-420E-8D5D-77B09A765F9A}.Release|Any CPU.Build.0 = Release|Any CPU
		{69BFCEE4-C70C-48B4-B3AF-AEDBB6B4794D}.Debug|Any CPU.ActiveCfg = Debug|Any CPU
		{69BFCEE4-C70C-48B4-B3AF-AEDBB6B4794D}.Debug|Any CPU.Build.0 = Debug|Any CPU
		{69BFCEE4-C70C-48B4-B3AF-AEDBB6B4794D}.Release|Any CPU.ActiveCfg = Release|Any CPU
		{69BFCEE4-C70C-48B4-B3AF-AEDBB6B4794D}.Release|Any CPU.Build.0 = Release|Any CPU
		{23227C4D-97B0-4B9A-B95D-90BDB20B6020}.Debug|Any CPU.ActiveCfg = Debug|Any CPU
		{23227C4D-97B0-4B9A-B95D-90BDB20B6020}.Debug|Any CPU.Build.0 = Debug|Any CPU
		{23227C4D-97B0-4B9A-B95D-90BDB20B6020}.Release|Any CPU.ActiveCfg = Release|Any CPU
		{23227C4D-97B0-4B9A-B95D-90BDB20B6020}.Release|Any CPU.Build.0 = Release|Any CPU
		{75AEB701-4ACD-4338-9A19-E1C40F146A5F}.Debug|Any CPU.ActiveCfg = Debug|Any CPU
		{75AEB701-4ACD-4338-9A19-E1C40F146A5F}.Debug|Any CPU.Build.0 = Debug|Any CPU
		{75AEB701-4ACD-4338-9A19-E1C40F146A5F}.Release|Any CPU.ActiveCfg = Release|Any CPU
		{75AEB701-4ACD-4338-9A19-E1C40F146A5F}.Release|Any CPU.Build.0 = Release|Any CPU
		{6646046F-3D71-4107-B7F3-5B6056BA307F}.Debug|Any CPU.ActiveCfg = Debug|Any CPU
		{6646046F-3D71-4107-B7F3-5B6056BA307F}.Debug|Any CPU.Build.0 = Debug|Any CPU
		{6646046F-3D71-4107-B7F3-5B6056BA307F}.Release|Any CPU.ActiveCfg = Release|Any CPU
		{6646046F-3D71-4107-B7F3-5B6056BA307F}.Release|Any CPU.Build.0 = Release|Any CPU
		{3E124CAA-ACDA-406F-9F68-135CFC38932B}.Debug|Any CPU.ActiveCfg = Debug|Any CPU
		{3E124CAA-ACDA-406F-9F68-135CFC38932B}.Debug|Any CPU.Build.0 = Debug|Any CPU
		{3E124CAA-ACDA-406F-9F68-135CFC38932B}.Release|Any CPU.ActiveCfg = Release|Any CPU
		{3E124CAA-ACDA-406F-9F68-135CFC38932B}.Release|Any CPU.Build.0 = Release|Any CPU
		{D8060C38-0563-4134-BCAD-27BF315A2F05}.Debug|Any CPU.ActiveCfg = Debug|Any CPU
		{D8060C38-0563-4134-BCAD-27BF315A2F05}.Debug|Any CPU.Build.0 = Debug|Any CPU
		{D8060C38-0563-4134-BCAD-27BF315A2F05}.Release|Any CPU.ActiveCfg = Release|Any CPU
		{D8060C38-0563-4134-BCAD-27BF315A2F05}.Release|Any CPU.Build.0 = Release|Any CPU
		{9BD3C4CE-EB3A-437C-B441-1ECDDC5118C9}.Debug|Any CPU.ActiveCfg = Debug|Any CPU
		{9BD3C4CE-EB3A-437C-B441-1ECDDC5118C9}.Debug|Any CPU.Build.0 = Debug|Any CPU
		{9BD3C4CE-EB3A-437C-B441-1ECDDC5118C9}.Release|Any CPU.ActiveCfg = Release|Any CPU
		{9BD3C4CE-EB3A-437C-B441-1ECDDC5118C9}.Release|Any CPU.Build.0 = Release|Any CPU
		{08082114-E07E-4A67-BAF8-F6F48CA24497}.Debug|Any CPU.ActiveCfg = Debug|Any CPU
		{08082114-E07E-4A67-BAF8-F6F48CA24497}.Debug|Any CPU.Build.0 = Debug|Any CPU
		{08082114-E07E-4A67-BAF8-F6F48CA24497}.Release|Any CPU.ActiveCfg = Release|Any CPU
		{08082114-E07E-4A67-BAF8-F6F48CA24497}.Release|Any CPU.Build.0 = Release|Any CPU
		{2B43C1CE-AAFE-4A54-B2F8-DD7B9B81FA5F}.Debug|Any CPU.ActiveCfg = Debug|Any CPU
		{2B43C1CE-AAFE-4A54-B2F8-DD7B9B81FA5F}.Debug|Any CPU.Build.0 = Debug|Any CPU
		{2B43C1CE-AAFE-4A54-B2F8-DD7B9B81FA5F}.Release|Any CPU.ActiveCfg = Release|Any CPU
		{2B43C1CE-AAFE-4A54-B2F8-DD7B9B81FA5F}.Release|Any CPU.Build.0 = Release|Any CPU
		{D7E9A000-552E-49D5-BBCF-6576F8BBD0D7}.Debug|Any CPU.ActiveCfg = Debug|Any CPU
		{D7E9A000-552E-49D5-BBCF-6576F8BBD0D7}.Debug|Any CPU.Build.0 = Debug|Any CPU
		{D7E9A000-552E-49D5-BBCF-6576F8BBD0D7}.Release|Any CPU.ActiveCfg = Release|Any CPU
		{D7E9A000-552E-49D5-BBCF-6576F8BBD0D7}.Release|Any CPU.Build.0 = Release|Any CPU
		{70CB55CC-826D-4EC4-B449-303BE5D82CE4}.Debug|Any CPU.ActiveCfg = Debug|Any CPU
		{70CB55CC-826D-4EC4-B449-303BE5D82CE4}.Debug|Any CPU.Build.0 = Debug|Any CPU
		{70CB55CC-826D-4EC4-B449-303BE5D82CE4}.Release|Any CPU.ActiveCfg = Release|Any CPU
		{70CB55CC-826D-4EC4-B449-303BE5D82CE4}.Release|Any CPU.Build.0 = Release|Any CPU
		{685FD74C-DE2B-412D-95B2-04DF4CFA59AE}.Debug|Any CPU.ActiveCfg = Debug|Any CPU
		{685FD74C-DE2B-412D-95B2-04DF4CFA59AE}.Debug|Any CPU.Build.0 = Debug|Any CPU
		{685FD74C-DE2B-412D-95B2-04DF4CFA59AE}.Release|Any CPU.ActiveCfg = Release|Any CPU
		{685FD74C-DE2B-412D-95B2-04DF4CFA59AE}.Release|Any CPU.Build.0 = Release|Any CPU
		{8C29791D-532A-4878-929E-16204AA4A62C}.Debug|Any CPU.ActiveCfg = Debug|Any CPU
		{8C29791D-532A-4878-929E-16204AA4A62C}.Debug|Any CPU.Build.0 = Debug|Any CPU
		{8C29791D-532A-4878-929E-16204AA4A62C}.Release|Any CPU.ActiveCfg = Release|Any CPU
		{8C29791D-532A-4878-929E-16204AA4A62C}.Release|Any CPU.Build.0 = Release|Any CPU
		{37A7B615-1833-4F29-9BC8-A708CFA30118}.Debug|Any CPU.ActiveCfg = Debug|Any CPU
		{37A7B615-1833-4F29-9BC8-A708CFA30118}.Debug|Any CPU.Build.0 = Debug|Any CPU
		{37A7B615-1833-4F29-9BC8-A708CFA30118}.Release|Any CPU.ActiveCfg = Release|Any CPU
		{37A7B615-1833-4F29-9BC8-A708CFA30118}.Release|Any CPU.Build.0 = Release|Any CPU
		{043881AE-3F6E-4B05-ADF9-548E6B37CB6C}.Debug|Any CPU.ActiveCfg = Debug|Any CPU
		{043881AE-3F6E-4B05-ADF9-548E6B37CB6C}.Debug|Any CPU.Build.0 = Debug|Any CPU
		{043881AE-3F6E-4B05-ADF9-548E6B37CB6C}.Release|Any CPU.ActiveCfg = Release|Any CPU
		{043881AE-3F6E-4B05-ADF9-548E6B37CB6C}.Release|Any CPU.Build.0 = Release|Any CPU
		{71EE30A4-722A-46D3-88C3-2ED84D38FA2C}.Debug|Any CPU.ActiveCfg = Debug|Any CPU
		{71EE30A4-722A-46D3-88C3-2ED84D38FA2C}.Debug|Any CPU.Build.0 = Debug|Any CPU
		{71EE30A4-722A-46D3-88C3-2ED84D38FA2C}.Release|Any CPU.ActiveCfg = Release|Any CPU
		{71EE30A4-722A-46D3-88C3-2ED84D38FA2C}.Release|Any CPU.Build.0 = Release|Any CPU
		{1D8175F1-D574-40BF-8470-50642BF4D1BB}.Debug|Any CPU.ActiveCfg = Debug|Any CPU
		{1D8175F1-D574-40BF-8470-50642BF4D1BB}.Debug|Any CPU.Build.0 = Debug|Any CPU
		{1D8175F1-D574-40BF-8470-50642BF4D1BB}.Release|Any CPU.ActiveCfg = Release|Any CPU
		{1D8175F1-D574-40BF-8470-50642BF4D1BB}.Release|Any CPU.Build.0 = Release|Any CPU
		{8A151CE7-7BFA-4480-9B56-44FA160EA759}.Debug|Any CPU.ActiveCfg = Debug|Any CPU
		{8A151CE7-7BFA-4480-9B56-44FA160EA759}.Debug|Any CPU.Build.0 = Debug|Any CPU
		{8A151CE7-7BFA-4480-9B56-44FA160EA759}.Release|Any CPU.ActiveCfg = Release|Any CPU
		{8A151CE7-7BFA-4480-9B56-44FA160EA759}.Release|Any CPU.Build.0 = Release|Any CPU
		{51F0FCA7-BACF-47CB-BB50-77E7D05F423B}.Debug|Any CPU.ActiveCfg = Debug|Any CPU
		{51F0FCA7-BACF-47CB-BB50-77E7D05F423B}.Debug|Any CPU.Build.0 = Debug|Any CPU
		{51F0FCA7-BACF-47CB-BB50-77E7D05F423B}.Release|Any CPU.ActiveCfg = Release|Any CPU
		{51F0FCA7-BACF-47CB-BB50-77E7D05F423B}.Release|Any CPU.Build.0 = Release|Any CPU
		{974A9345-4F7F-40E8-ACA5-B40A4A69C462}.Debug|Any CPU.ActiveCfg = Debug|Any CPU
		{974A9345-4F7F-40E8-ACA5-B40A4A69C462}.Debug|Any CPU.Build.0 = Debug|Any CPU
		{974A9345-4F7F-40E8-ACA5-B40A4A69C462}.Release|Any CPU.ActiveCfg = Release|Any CPU
		{974A9345-4F7F-40E8-ACA5-B40A4A69C462}.Release|Any CPU.Build.0 = Release|Any CPU
		{35408FD6-D82D-49FF-9A4E-FDC6260F7410}.Debug|Any CPU.ActiveCfg = Debug|Any CPU
		{35408FD6-D82D-49FF-9A4E-FDC6260F7410}.Debug|Any CPU.Build.0 = Debug|Any CPU
		{35408FD6-D82D-49FF-9A4E-FDC6260F7410}.Release|Any CPU.ActiveCfg = Release|Any CPU
		{35408FD6-D82D-49FF-9A4E-FDC6260F7410}.Release|Any CPU.Build.0 = Release|Any CPU
		{A50FE12B-7BDF-4EAF-8A2F-789917642D4F}.Debug|Any CPU.ActiveCfg = Debug|Any CPU
		{A50FE12B-7BDF-4EAF-8A2F-789917642D4F}.Debug|Any CPU.Build.0 = Debug|Any CPU
		{A50FE12B-7BDF-4EAF-8A2F-789917642D4F}.Release|Any CPU.ActiveCfg = Release|Any CPU
		{A50FE12B-7BDF-4EAF-8A2F-789917642D4F}.Release|Any CPU.Build.0 = Release|Any CPU
	EndGlobalSection
	GlobalSection(SolutionProperties) = preSolution
		HideSolutionNode = FALSE
	EndGlobalSection
	GlobalSection(NestedProjects) = preSolution
		{102E007F-5964-433E-90F8-D6FA34E8DB61} = {0DC99133-C2D1-4E68-BA5D-43049DCAF246}
		{8469B8F5-3DBB-420E-8D5D-77B09A765F9A} = {3E23178E-E2E7-4D34-94B6-C331CE9B77B6}
		{69BFCEE4-C70C-48B4-B3AF-AEDBB6B4794D} = {3E23178E-E2E7-4D34-94B6-C331CE9B77B6}
		{23227C4D-97B0-4B9A-B95D-90BDB20B6020} = {3E23178E-E2E7-4D34-94B6-C331CE9B77B6}
		{75AEB701-4ACD-4338-9A19-E1C40F146A5F} = {3E23178E-E2E7-4D34-94B6-C331CE9B77B6}
		{6646046F-3D71-4107-B7F3-5B6056BA307F} = {3E23178E-E2E7-4D34-94B6-C331CE9B77B6}
		{3E124CAA-ACDA-406F-9F68-135CFC38932B} = {3E23178E-E2E7-4D34-94B6-C331CE9B77B6}
		{D8060C38-0563-4134-BCAD-27BF315A2F05} = {102E007F-5964-433E-90F8-D6FA34E8DB61}
		{9BD3C4CE-EB3A-437C-B441-1ECDDC5118C9} = {102E007F-5964-433E-90F8-D6FA34E8DB61}
		{08082114-E07E-4A67-BAF8-F6F48CA24497} = {102E007F-5964-433E-90F8-D6FA34E8DB61}
		{2B43C1CE-AAFE-4A54-B2F8-DD7B9B81FA5F} = {102E007F-5964-433E-90F8-D6FA34E8DB61}
		{D7E9A000-552E-49D5-BBCF-6576F8BBD0D7} = {102E007F-5964-433E-90F8-D6FA34E8DB61}
		{82C6DFC6-DD3E-4161-9F6E-DFD56D430F26} = {0DC99133-C2D1-4E68-BA5D-43049DCAF246}
		{70CB55CC-826D-4EC4-B449-303BE5D82CE4} = {82C6DFC6-DD3E-4161-9F6E-DFD56D430F26}
		{685FD74C-DE2B-412D-95B2-04DF4CFA59AE} = {82C6DFC6-DD3E-4161-9F6E-DFD56D430F26}
		{8C29791D-532A-4878-929E-16204AA4A62C} = {82C6DFC6-DD3E-4161-9F6E-DFD56D430F26}
		{37A7B615-1833-4F29-9BC8-A708CFA30118} = {82C6DFC6-DD3E-4161-9F6E-DFD56D430F26}
		{043881AE-3F6E-4B05-ADF9-548E6B37CB6C} = {3E23178E-E2E7-4D34-94B6-C331CE9B77B6}
		{71EE30A4-722A-46D3-88C3-2ED84D38FA2C} = {3E23178E-E2E7-4D34-94B6-C331CE9B77B6}
		{1D8175F1-D574-40BF-8470-50642BF4D1BB} = {3E23178E-E2E7-4D34-94B6-C331CE9B77B6}
		{8A151CE7-7BFA-4480-9B56-44FA160EA759} = {82C6DFC6-DD3E-4161-9F6E-DFD56D430F26}
		{51F0FCA7-BACF-47CB-BB50-77E7D05F423B} = {3E23178E-E2E7-4D34-94B6-C331CE9B77B6}
		{974A9345-4F7F-40E8-ACA5-B40A4A69C462} = {3E23178E-E2E7-4D34-94B6-C331CE9B77B6}
		{919284DC-FC78-4104-84F2-E3DF2EC11212} = {0DC99133-C2D1-4E68-BA5D-43049DCAF246}
		{F651CF4B-E45E-4502-BDE2-415416782493} = {0DC99133-C2D1-4E68-BA5D-43049DCAF246}
		{35408FD6-D82D-49FF-9A4E-FDC6260F7410} = {F651CF4B-E45E-4502-BDE2-415416782493}
		{A50FE12B-7BDF-4EAF-8A2F-789917642D4F} = {102E007F-5964-433E-90F8-D6FA34E8DB61}
	EndGlobalSection
	GlobalSection(ExtensibilityGlobals) = postSolution
		SolutionGuid = {3D51DF87-6E5C-4FEA-8EA2-33CD8C6A85F2}
	EndGlobalSection
EndGlobal
