
Microsoft Visual Studio Solution File, Format Version 12.00
# Visual Studio Version 17
VisualStudioVersion = 17.7.34031.279
MinimumVisualStudioVersion = 10.0.40219.1
Project("{9A19103F-16F7-4668-BE54-9A1E7A4F7556}") = "App.IdentityServer", "src\App.IdentityServer\App.IdentityServer.csproj", "{079905E0-841D-4269-ABB8-1A7F21F77DF5}"
EndProject
Global
	GlobalSection(SolutionConfigurationPlatforms) = preSolution
		Debug|Any CPU = Debug|Any CPU
		Release|Any CPU = Release|Any CPU
	EndGlobalSection
	GlobalSection(ProjectConfigurationPlatforms) = postSolution
		{079905E0-841D-4269-ABB8-1A7F21F77DF5}.Debug|Any CPU.ActiveCfg = Debug|Any CPU
		{079905E0-841D-4269-ABB8-1A7F21F77DF5}.Debug|Any CPU.Build.0 = Debug|Any CPU
		{079905E0-841D-4269-ABB8-1A7F21F77DF5}.Release|Any CPU.ActiveCfg = Release|Any CPU
		{079905E0-841D-4269-ABB8-1A7F21F77DF5}.Release|Any CPU.Build.0 = Release|Any CPU
	EndGlobalSection
	GlobalSection(SolutionProperties) = preSolution
		HideSolutionNode = FALSE
	EndGlobalSection
	GlobalSection(ExtensibilityGlobals) = postSolution
		SolutionGuid = {FC37C1A7-6234-4867-A9C7-58C65EB60271}
	EndGlobalSection
EndGlobal
